{
  "nodes": {
    "flake-utils": {
      "inputs": {
        "systems": "systems"
      },
      "locked": {
        "lastModified": 1701680307,
        "narHash": "sha256-kAuep2h5ajznlPMD9rnQyffWG8EM/C73lejGofXvdM8=",
        "owner": "numtide",
        "repo": "flake-utils",
        "rev": "4022d587cbbfd70fe950c1e2083a02621806a725",
        "type": "github"
      },
      "original": {
        "owner": "numtide",
        "repo": "flake-utils",
        "type": "github"
      }
    },
    "jsonoo": {
      "flake": false,
      "locked": {
        "lastModified": 1624582212,
        "narHash": "sha256-izQlf+967iGucdQe/sIvnajl92alDVFY2OJcngvb67E=",
        "owner": "mnxn",
        "repo": "jsonoo",
        "rev": "1eefe87b8d0b659b11dbf58497a064a4f5ce8359",
        "type": "github"
      },
      "original": {
        "owner": "mnxn",
        "repo": "jsonoo",
        "type": "github"
      }
    },
    "nix-filter": {
      "locked": {
        "lastModified": 1701697642,
        "narHash": "sha256-L217WytWZHSY8GW9Gx1A64OnNctbuDbfslaTEofXXRw=",
        "owner": "numtide",
        "repo": "nix-filter",
        "rev": "c843418ecfd0344ecb85844b082ff5675e02c443",
        "type": "github"
      },
      "original": {
        "owner": "numtide",
        "repo": "nix-filter",
        "type": "github"
      }
    },
    "nixpkgs": {
      "locked": {
        "lastModified": 1704595191,
        "narHash": "sha256-GaVGQtbWJt8ItixKBBGhSCV4x9dCRAPvm63/lXGcvfU=",
        "owner": "nixos",
        "repo": "nixpkgs",
        "rev": "8a8c1f22a3509d46bdb7a8e749221085a61de615",
        "type": "github"
      },
      "original": {
        "owner": "nixos",
        "repo": "nixpkgs",
        "type": "github"
      }
    },
    "root": {
      "inputs": {
        "flake-utils": "flake-utils",
        "jsonoo": "jsonoo",
        "nix-filter": "nix-filter",
        "nixpkgs": "nixpkgs"
      }
    },
    "systems": {
      "locked": {
        "lastModified": 1681028828,
        "narHash": "sha256-Vy1rq5AaRuLzOxct8nz4T6wlgyUR7zLU309k9mBC768=",
        "owner": "nix-systems",
        "repo": "default",
        "rev": "da67096a3b9bf56a91d16901293e51ba5b49a27e",
        "type": "github"
      },
      "original": {
        "owner": "nix-systems",
        "repo": "default",
        "type": "github"
      }
    }
  },
  "root": "root",
  "version": 7
}
